// !$*UTF8*$!
{
	archiveVersion = 1;
	classes = {
	};
	objectVersion = 56;
	objects = {

/* Begin PBXBuildFile section */
		0FC5767F2962265300B6E0A9 /* AppDelegate.swift in Sources */ = {isa = PBXBuildFile; fileRef = 0FC5767E2962265300B6E0A9 /* AppDelegate.swift */; };
		0FC576812962265300B6E0A9 /* SceneDelegate.swift in Sources */ = {isa = PBXBuildFile; fileRef = 0FC576802962265300B6E0A9 /* SceneDelegate.swift */; };
		0FC576832962265300B6E0A9 /* UserViewController.swift in Sources */ = {isa = PBXBuildFile; fileRef = 0FC576822962265300B6E0A9 /* UserViewController.swift */; };
		0FC576882962265500B6E0A9 /* Assets.xcassets in Resources */ = {isa = PBXBuildFile; fileRef = 0FC576872962265500B6E0A9 /* Assets.xcassets */; };
		0FC5768B2962265500B6E0A9 /* LaunchScreen.storyboard in Resources */ = {isa = PBXBuildFile; fileRef = 0FC576892962265500B6E0A9 /* LaunchScreen.storyboard */; };
		0FC576952962274100B6E0A9 /* UserView.swift in Sources */ = {isa = PBXBuildFile; fileRef = 0FC576942962274100B6E0A9 /* UserView.swift */; };
		0FC5769729622CEB00B6E0A9 /* UserModel.swift in Sources */ = {isa = PBXBuildFile; fileRef = 0FC5769629622CEB00B6E0A9 /* UserModel.swift */; };
		0FC576992962300000B6E0A9 /* UserViewModel.swift in Sources */ = {isa = PBXBuildFile; fileRef = 0FC576982962300000B6E0A9 /* UserViewModel.swift */; };
		0FC5769B2962324600B6E0A9 /* APIManager.swift in Sources */ = {isa = PBXBuildFile; fileRef = 0FC5769A2962324600B6E0A9 /* APIManager.swift */; };
		0FC576A3296306B800B6E0A9 /* Protocol_Oriented_ProgrammingTests.swift in Sources */ = {isa = PBXBuildFile; fileRef = 0FC576A2296306B800B6E0A9 /* Protocol_Oriented_ProgrammingTests.swift */; };
/* End PBXBuildFile section */

/* Begin PBXContainerItemProxy section */
		0FC576A4296306B800B6E0A9 /* PBXContainerItemProxy */ = {
			isa = PBXContainerItemProxy;
			containerPortal = 0FC576732962265300B6E0A9 /* Project object */;
			proxyType = 1;
			remoteGlobalIDString = 0FC5767A2962265300B6E0A9;
			remoteInfo = "Protocol-Oriented-Programming";
		};
/* End PBXContainerItemProxy section */

/* Begin PBXFileReference section */
		0FC5767B2962265300B6E0A9 /* Protocol-Oriented-Programming.app */ = {isa = PBXFileReference; explicitFileType = wrapper.application; includeInIndex = 0; path = "Protocol-Oriented-Programming.app"; sourceTree = BUILT_PRODUCTS_DIR; };
		0FC5767E2962265300B6E0A9 /* AppDelegate.swift */ = {isa = PBXFileReference; lastKnownFileType = sourcecode.swift; path = AppDelegate.swift; sourceTree = "<group>"; };
		0FC576802962265300B6E0A9 /* SceneDelegate.swift */ = {isa = PBXFileReference; lastKnownFileType = sourcecode.swift; path = SceneDelegate.swift; sourceTree = "<group>"; };
		0FC576822962265300B6E0A9 /* UserViewController.swift */ = {isa = PBXFileReference; lastKnownFileType = sourcecode.swift; path = UserViewController.swift; sourceTree = "<group>"; };
		0FC576872962265500B6E0A9 /* Assets.xcassets */ = {isa = PBXFileReference; lastKnownFileType = folder.assetcatalog; path = Assets.xcassets; sourceTree = "<group>"; };
		0FC5768A2962265500B6E0A9 /* Base */ = {isa = PBXFileReference; lastKnownFileType = file.storyboard; name = Base; path = Base.lproj/LaunchScreen.storyboard; sourceTree = "<group>"; };
		0FC5768C2962265500B6E0A9 /* Info.plist */ = {isa = PBXFileReference; lastKnownFileType = text.plist.xml; path = Info.plist; sourceTree = "<group>"; };
		0FC576942962274100B6E0A9 /* UserView.swift */ = {isa = PBXFileReference; lastKnownFileType = sourcecode.swift; path = UserView.swift; sourceTree = "<group>"; };
		0FC5769629622CEB00B6E0A9 /* UserModel.swift */ = {isa = PBXFileReference; lastKnownFileType = sourcecode.swift; path = UserModel.swift; sourceTree = "<group>"; };
		0FC576982962300000B6E0A9 /* UserViewModel.swift */ = {isa = PBXFileReference; lastKnownFileType = sourcecode.swift; path = UserViewModel.swift; sourceTree = "<group>"; };
		0FC5769A2962324600B6E0A9 /* APIManager.swift */ = {isa = PBXFileReference; lastKnownFileType = sourcecode.swift; path = APIManager.swift; sourceTree = "<group>"; };
		0FC576A0296306B800B6E0A9 /* Protocol-Oriented-ProgrammingTests.xctest */ = {isa = PBXFileReference; explicitFileType = wrapper.cfbundle; includeInIndex = 0; path = "Protocol-Oriented-ProgrammingTests.xctest"; sourceTree = BUILT_PRODUCTS_DIR; };
		0FC576A2296306B800B6E0A9 /* Protocol_Oriented_ProgrammingTests.swift */ = {isa = PBXFileReference; lastKnownFileType = sourcecode.swift; path = Protocol_Oriented_ProgrammingTests.swift; sourceTree = "<group>"; };
/* End PBXFileReference section */

/* Begin PBXFrameworksBuildPhase section */
		0FC576782962265300B6E0A9 /* Frameworks */ = {
			isa = PBXFrameworksBuildPhase;
			buildActionMask = 2147483647;
			files = (
			);
			runOnlyForDeploymentPostprocessing = 0;
		};
		0FC5769D296306B800B6E0A9 /* Frameworks */ = {
			isa = PBXFrameworksBuildPhase;
			buildActionMask = 2147483647;
			files = (
			);
			runOnlyForDeploymentPostprocessing = 0;
		};
/* End PBXFrameworksBuildPhase section */

/* Begin PBXGroup section */
		0FC576722962265300B6E0A9 = {
			isa = PBXGroup;
			children = (
				0FC5767D2962265300B6E0A9 /* Protocol-Oriented-Programming */,
				0FC576A1296306B800B6E0A9 /* Protocol-Oriented-ProgrammingTests */,
				0FC5767C2962265300B6E0A9 /* Products */,
			);
			sourceTree = "<group>";
		};
		0FC5767C2962265300B6E0A9 /* Products */ = {
			isa = PBXGroup;
			children = (
				0FC5767B2962265300B6E0A9 /* Protocol-Oriented-Programming.app */,
				0FC576A0296306B800B6E0A9 /* Protocol-Oriented-ProgrammingTests.xctest */,
			);
			name = Products;
			sourceTree = "<group>";
		};
		0FC5767D2962265300B6E0A9 /* Protocol-Oriented-Programming */ = {
			isa = PBXGroup;
			children = (
				0FC576922962268700B6E0A9 /* Source */,
				0FC576932962272C00B6E0A9 /* User */,
				0FC5768C2962265500B6E0A9 /* Info.plist */,
			);
			path = "Protocol-Oriented-Programming";
			sourceTree = "<group>";
		};
		0FC576922962268700B6E0A9 /* Source */ = {
			isa = PBXGroup;
			children = (
				0FC5767E2962265300B6E0A9 /* AppDelegate.swift */,
				0FC576802962265300B6E0A9 /* SceneDelegate.swift */,
				0FC576872962265500B6E0A9 /* Assets.xcassets */,
				0FC576892962265500B6E0A9 /* LaunchScreen.storyboard */,
			);
			path = Source;
			sourceTree = "<group>";
		};
		0FC576932962272C00B6E0A9 /* User */ = {
			isa = PBXGroup;
			children = (
				0FC576822962265300B6E0A9 /* UserViewController.swift */,
				0FC576942962274100B6E0A9 /* UserView.swift */,
				0FC5769629622CEB00B6E0A9 /* UserModel.swift */,
				0FC576982962300000B6E0A9 /* UserViewModel.swift */,
				0FC5769A2962324600B6E0A9 /* APIManager.swift */,
			);
			path = User;
			sourceTree = "<group>";
		};
		0FC576A1296306B800B6E0A9 /* Protocol-Oriented-ProgrammingTests */ = {
			isa = PBXGroup;
			children = (
				0FC576A2296306B800B6E0A9 /* Protocol_Oriented_ProgrammingTests.swift */,
			);
			path = "Protocol-Oriented-ProgrammingTests";
			sourceTree = "<group>";
		};
/* End PBXGroup section */

/* Begin PBXNativeTarget section */
		0FC5767A2962265300B6E0A9 /* Protocol-Oriented-Programming */ = {
			isa = PBXNativeTarget;
			buildConfigurationList = 0FC5768F2962265500B6E0A9 /* Build configuration list for PBXNativeTarget "Protocol-Oriented-Programming" */;
			buildPhases = (
				0FC576772962265300B6E0A9 /* Sources */,
				0FC576782962265300B6E0A9 /* Frameworks */,
				0FC576792962265300B6E0A9 /* Resources */,
			);
			buildRules = (
			);
			dependencies = (
			);
			name = "Protocol-Oriented-Programming";
			productName = "Protocol-Oriented-Programming";
			productReference = 0FC5767B2962265300B6E0A9 /* Protocol-Oriented-Programming.app */;
			productType = "com.apple.product-type.application";
		};
		0FC5769F296306B800B6E0A9 /* Protocol-Oriented-ProgrammingTests */ = {
			isa = PBXNativeTarget;
			buildConfigurationList = 0FC576A6296306B800B6E0A9 /* Build configuration list for PBXNativeTarget "Protocol-Oriented-ProgrammingTests" */;
			buildPhases = (
				0FC5769C296306B800B6E0A9 /* Sources */,
				0FC5769D296306B800B6E0A9 /* Frameworks */,
				0FC5769E296306B800B6E0A9 /* Resources */,
			);
			buildRules = (
			);
			dependencies = (
				0FC576A5296306B800B6E0A9 /* PBXTargetDependency */,
			);
			name = "Protocol-Oriented-ProgrammingTests";
			productName = "Protocol-Oriented-ProgrammingTests";
			productReference = 0FC576A0296306B800B6E0A9 /* Protocol-Oriented-ProgrammingTests.xctest */;
			productType = "com.apple.product-type.bundle.unit-test";
		};
/* End PBXNativeTarget section */

/* Begin PBXProject section */
		0FC576732962265300B6E0A9 /* Project object */ = {
			isa = PBXProject;
			attributes = {
				BuildIndependentTargetsInParallel = 1;
				LastSwiftUpdateCheck = 1400;
				LastUpgradeCheck = 1400;
				TargetAttributes = {
					0FC5767A2962265300B6E0A9 = {
						CreatedOnToolsVersion = 14.0;
					};
					0FC5769F296306B800B6E0A9 = {
						CreatedOnToolsVersion = 14.0;
						TestTargetID = 0FC5767A2962265300B6E0A9;
					};
				};
			};
			buildConfigurationList = 0FC576762962265300B6E0A9 /* Build configuration list for PBXProject "Protocol-Oriented-Programming" */;
			compatibilityVersion = "Xcode 14.0";
			developmentRegion = en;
			hasScannedForEncodings = 0;
			knownRegions = (
				en,
				Base,
			);
			mainGroup = 0FC576722962265300B6E0A9;
			productRefGroup = 0FC5767C2962265300B6E0A9 /* Products */;
			projectDirPath = "";
			projectRoot = "";
			targets = (
				0FC5767A2962265300B6E0A9 /* Protocol-Oriented-Programming */,
				0FC5769F296306B800B6E0A9 /* Protocol-Oriented-ProgrammingTests */,
			);
		};
/* End PBXProject section */

/* Begin PBXResourcesBuildPhase section */
		0FC576792962265300B6E0A9 /* Resources */ = {
			isa = PBXResourcesBuildPhase;
			buildActionMask = 2147483647;
			files = (
				0FC5768B2962265500B6E0A9 /* LaunchScreen.storyboard in Resources */,
				0FC576882962265500B6E0A9 /* Assets.xcassets in Resources */,
			);
			runOnlyForDeploymentPostprocessing = 0;
		};
		0FC5769E296306B800B6E0A9 /* Resources */ = {
			isa = PBXResourcesBuildPhase;
			buildActionMask = 2147483647;
			files = (
			);
			runOnlyForDeploymentPostprocessing = 0;
		};
/* End PBXResourcesBuildPhase section */

/* Begin PBXSourcesBuildPhase section */
		0FC576772962265300B6E0A9 /* Sources */ = {
			isa = PBXSourcesBuildPhase;
			buildActionMask = 2147483647;
			files = (
				0FC576832962265300B6E0A9 /* UserViewController.swift in Sources */,
				0FC5769B2962324600B6E0A9 /* APIManager.swift in Sources */,
				0FC576992962300000B6E0A9 /* UserViewModel.swift in Sources */,
				0FC5767F2962265300B6E0A9 /* AppDelegate.swift in Sources */,
				0FC576812962265300B6E0A9 /* SceneDelegate.swift in Sources */,
				0FC5769729622CEB00B6E0A9 /* UserModel.swift in Sources */,
				0FC576952962274100B6E0A9 /* UserView.swift in Sources */,
			);
			runOnlyForDeploymentPostprocessing = 0;
		};
		0FC5769C296306B800B6E0A9 /* Sources */ = {
			isa = PBXSourcesBuildPhase;
			buildActionMask = 2147483647;
			files = (
				0FC576A3296306B800B6E0A9 /* Protocol_Oriented_ProgrammingTests.swift in Sources */,
			);
			runOnlyForDeploymentPostprocessing = 0;
		};
/* End PBXSourcesBuildPhase section */

/* Begin PBXTargetDependency section */
		0FC576A5296306B800B6E0A9 /* PBXTargetDependency */ = {
			isa = PBXTargetDependency;
			target = 0FC5767A2962265300B6E0A9 /* Protocol-Oriented-Programming */;
			targetProxy = 0FC576A4296306B800B6E0A9 /* PBXContainerItemProxy */;
		};
/* End PBXTargetDependency section */

/* Begin PBXVariantGroup section */
		0FC576892962265500B6E0A9 /* LaunchScreen.storyboard */ = {
			isa = PBXVariantGroup;
			children = (
				0FC5768A2962265500B6E0A9 /* Base */,
			);
			name = LaunchScreen.storyboard;
			sourceTree = "<group>";
		};
/* End PBXVariantGroup section */

/* Begin XCBuildConfiguration section */
		0FC5768D2962265500B6E0A9 /* Debug */ = {
			isa = XCBuildConfiguration;
			buildSettings = {
				ALWAYS_SEARCH_USER_PATHS = NO;
				CLANG_ANALYZER_NONNULL = YES;
				CLANG_ANALYZER_NUMBER_OBJECT_CONVERSION = YES_AGGRESSIVE;
				CLANG_CXX_LANGUAGE_STANDARD = "gnu++20";
				CLANG_ENABLE_MODULES = YES;
				CLANG_ENABLE_OBJC_ARC = YES;
				CLANG_ENABLE_OBJC_WEAK = YES;
				CLANG_WARN_BLOCK_CAPTURE_AUTORELEASING = YES;
				CLANG_WARN_BOOL_CONVERSION = YES;
				CLANG_WARN_COMMA = YES;
				CLANG_WARN_CONSTANT_CONVERSION = YES;
				CLANG_WARN_DEPRECATED_OBJC_IMPLEMENTATIONS = YES;
				CLANG_WARN_DIRECT_OBJC_ISA_USAGE = YES_ERROR;
				CLANG_WARN_DOCUMENTATION_COMMENTS = YES;
				CLANG_WARN_EMPTY_BODY = YES;
				CLANG_WARN_ENUM_CONVERSION = YES;
				CLANG_WARN_INFINITE_RECURSION = YES;
				CLANG_WARN_INT_CONVERSION = YES;
				CLANG_WARN_NON_LITERAL_NULL_CONVERSION = YES;
				CLANG_WARN_OBJC_IMPLICIT_RETAIN_SELF = YES;
				CLANG_WARN_OBJC_LITERAL_CONVERSION = YES;
				CLANG_WARN_OBJC_ROOT_CLASS = YES_ERROR;
				CLANG_WARN_QUOTED_INCLUDE_IN_FRAMEWORK_HEADER = YES;
				CLANG_WARN_RANGE_LOOP_ANALYSIS = YES;
				CLANG_WARN_STRICT_PROTOTYPES = YES;
				CLANG_WARN_SUSPICIOUS_MOVE = YES;
				CLANG_WARN_UNGUARDED_AVAILABILITY = YES_AGGRESSIVE;
				CLANG_WARN_UNREACHABLE_CODE = YES;
				CLANG_WARN__DUPLICATE_METHOD_MATCH = YES;
				COPY_PHASE_STRIP = NO;
				DEBUG_INFORMATION_FORMAT = dwarf;
				ENABLE_STRICT_OBJC_MSGSEND = YES;
				ENABLE_TESTABILITY = YES;
				GCC_C_LANGUAGE_STANDARD = gnu11;
				GCC_DYNAMIC_NO_PIC = NO;
				GCC_NO_COMMON_BLOCKS = YES;
				GCC_OPTIMIZATION_LEVEL = 0;
				GCC_PREPROCESSOR_DEFINITIONS = (
					"DEBUG=1",
					"$(inherited)",
				);
				GCC_WARN_64_TO_32_BIT_CONVERSION = YES;
				GCC_WARN_ABOUT_RETURN_TYPE = YES_ERROR;
				GCC_WARN_UNDECLARED_SELECTOR = YES;
				GCC_WARN_UNINITIALIZED_AUTOS = YES_AGGRESSIVE;
				GCC_WARN_UNUSED_FUNCTION = YES;
				GCC_WARN_UNUSED_VARIABLE = YES;
				IPHONEOS_DEPLOYMENT_TARGET = 16.0;
				MTL_ENABLE_DEBUG_INFO = INCLUDE_SOURCE;
				MTL_FAST_MATH = YES;
				ONLY_ACTIVE_ARCH = YES;
				SDKROOT = iphoneos;
				SWIFT_ACTIVE_COMPILATION_CONDITIONS = DEBUG;
				SWIFT_OPTIMIZATION_LEVEL = "-Onone";
			};
			name = Debug;
		};
		0FC5768E2962265500B6E0A9 /* Release */ = {
			isa = XCBuildConfiguration;
			buildSettings = {
				ALWAYS_SEARCH_USER_PATHS = NO;
				CLANG_ANALYZER_NONNULL = YES;
				CLANG_ANALYZER_NUMBER_OBJECT_CONVERSION = YES_AGGRESSIVE;
				CLANG_CXX_LANGUAGE_STANDARD = "gnu++20";
				CLANG_ENABLE_MODULES = YES;
				CLANG_ENABLE_OBJC_ARC = YES;
				CLANG_ENABLE_OBJC_WEAK = YES;
				CLANG_WARN_BLOCK_CAPTURE_AUTORELEASING = YES;
				CLANG_WARN_BOOL_CONVERSION = YES;
				CLANG_WARN_COMMA = YES;
				CLANG_WARN_CONSTANT_CONVERSION = YES;
				CLANG_WARN_DEPRECATED_OBJC_IMPLEMENTATIONS = YES;
				CLANG_WARN_DIRECT_OBJC_ISA_USAGE = YES_ERROR;
				CLANG_WARN_DOCUMENTATION_COMMENTS = YES;
				CLANG_WARN_EMPTY_BODY = YES;
				CLANG_WARN_ENUM_CONVERSION = YES;
				CLANG_WARN_INFINITE_RECURSION = YES;
				CLANG_WARN_INT_CONVERSION = YES;
				CLANG_WARN_NON_LITERAL_NULL_CONVERSION = YES;
				CLANG_WARN_OBJC_IMPLICIT_RETAIN_SELF = YES;
				CLANG_WARN_OBJC_LITERAL_CONVERSION = YES;
				CLANG_WARN_OBJC_ROOT_CLASS = YES_ERROR;
				CLANG_WARN_QUOTED_INCLUDE_IN_FRAMEWORK_HEADER = YES;
				CLANG_WARN_RANGE_LOOP_ANALYSIS = YES;
				CLANG_WARN_STRICT_PROTOTYPES = YES;
				CLANG_WARN_SUSPICIOUS_MOVE = YES;
				CLANG_WARN_UNGUARDED_AVAILABILITY = YES_AGGRESSIVE;
				CLANG_WARN_UNREACHABLE_CODE = YES;
				CLANG_WARN__DUPLICATE_METHOD_MATCH = YES;
				COPY_PHASE_STRIP = NO;
				DEBUG_INFORMATION_FORMAT = "dwarf-with-dsym";
				ENABLE_NS_ASSERTIONS = NO;
				ENABLE_STRICT_OBJC_MSGSEND = YES;
				GCC_C_LANGUAGE_STANDARD = gnu11;
				GCC_NO_COMMON_BLOCKS = YES;
				GCC_WARN_64_TO_32_BIT_CONVERSION = YES;
				GCC_WARN_ABOUT_RETURN_TYPE = YES_ERROR;
				GCC_WARN_UNDECLARED_SELECTOR = YES;
				GCC_WARN_UNINITIALIZED_AUTOS = YES_AGGRESSIVE;
				GCC_WARN_UNUSED_FUNCTION = YES;
				GCC_WARN_UNUSED_VARIABLE = YES;
				IPHONEOS_DEPLOYMENT_TARGET = 16.0;
				MTL_ENABLE_DEBUG_INFO = NO;
				MTL_FAST_MATH = YES;
				SDKROOT = iphoneos;
				SWIFT_COMPILATION_MODE = wholemodule;
				SWIFT_OPTIMIZATION_LEVEL = "-O";
				VALIDATE_PRODUCT = YES;
			};
			name = Release;
		};
		0FC576902962265500B6E0A9 /* Debug */ = {
			isa = XCBuildConfiguration;
			buildSettings = {
				ASSETCATALOG_COMPILER_APPICON_NAME = AppIcon;
				ASSETCATALOG_COMPILER_GLOBAL_ACCENT_COLOR_NAME = AccentColor;
				CODE_SIGN_STYLE = Automatic;
				CURRENT_PROJECT_VERSION = 1;
				DEVELOPMENT_TEAM = HXRS3CF57N;
				GENERATE_INFOPLIST_FILE = YES;
				INFOPLIST_FILE = "Protocol-Oriented-Programming/Info.plist";
				INFOPLIST_KEY_UIApplicationSupportsIndirectInputEvents = YES;
				INFOPLIST_KEY_UILaunchStoryboardName = LaunchScreen;
				INFOPLIST_KEY_UIMainStoryboardFile = "";
				INFOPLIST_KEY_UISupportedInterfaceOrientations_iPad = "UIInterfaceOrientationPortrait UIInterfaceOrientationPortraitUpsideDown UIInterfaceOrientationLandscapeLeft UIInterfaceOrientationLandscapeRight";
				INFOPLIST_KEY_UISupportedInterfaceOrientations_iPhone = "UIInterfaceOrientationPortrait UIInterfaceOrientationLandscapeLeft UIInterfaceOrientationLandscapeRight";
				LD_RUNPATH_SEARCH_PATHS = (
					"$(inherited)",
					"@executable_path/Frameworks",
				);
				MARKETING_VERSION = 1.0;
				PRODUCT_BUNDLE_IDENTIFIER = "br.com.practicing.Protocol-Oriented-Programming";
				PRODUCT_NAME = "$(TARGET_NAME)";
				SWIFT_EMIT_LOC_STRINGS = YES;
				SWIFT_VERSION = 5.0;
				TARGETED_DEVICE_FAMILY = "1,2";
			};
			name = Debug;
		};
		0FC576912962265500B6E0A9 /* Release */ = {
			isa = XCBuildConfiguration;
			buildSettings = {
				ASSETCATALOG_COMPILER_APPICON_NAME = AppIcon;
				ASSETCATALOG_COMPILER_GLOBAL_ACCENT_COLOR_NAME = AccentColor;
				CODE_SIGN_STYLE = Automatic;
				CURRENT_PROJECT_VERSION = 1;
				DEVELOPMENT_TEAM = HXRS3CF57N;
				GENERATE_INFOPLIST_FILE = YES;
				INFOPLIST_FILE = "Protocol-Oriented-Programming/Info.plist";
				INFOPLIST_KEY_UIApplicationSupportsIndirectInputEvents = YES;
				INFOPLIST_KEY_UILaunchStoryboardName = LaunchScreen;
				INFOPLIST_KEY_UIMainStoryboardFile = "";
				INFOPLIST_KEY_UISupportedInterfaceOrientations_iPad = "UIInterfaceOrientationPortrait UIInterfaceOrientationPortraitUpsideDown UIInterfaceOrientationLandscapeLeft UIInterfaceOrientationLandscapeRight";
				INFOPLIST_KEY_UISupportedInterfaceOrientations_iPhone = "UIInterfaceOrientationPortrait UIInterfaceOrientationLandscapeLeft UIInterfaceOrientationLandscapeRight";
				LD_RUNPATH_SEARCH_PATHS = (
					"$(inherited)",
					"@executable_path/Frameworks",
				);
				MARKETING_VERSION = 1.0;
				PRODUCT_BUNDLE_IDENTIFIER = "br.com.practicing.Protocol-Oriented-Programming";
				PRODUCT_NAME = "$(TARGET_NAME)";
				SWIFT_EMIT_LOC_STRINGS = YES;
				SWIFT_VERSION = 5.0;
				TARGETED_DEVICE_FAMILY = "1,2";
			};
			name = Release;
		};
		0FC576A7296306B800B6E0A9 /* Debug */ = {
			isa = XCBuildConfiguration;
			buildSettings = {
				BUNDLE_LOADER = "$(TEST_HOST)";
				CODE_SIGN_STYLE = Automatic;
				CURRENT_PROJECT_VERSION = 1;
				DEVELOPMENT_TEAM = HXRS3CF57N;
				GENERATE_INFOPLIST_FILE = YES;
				MARKETING_VERSION = 1.0;
				PRODUCT_BUNDLE_IDENTIFIER = "br.com.practicing.Protocol-Oriented-ProgrammingTests";
				PRODUCT_NAME = "$(TARGET_NAME)";
				SWIFT_EMIT_LOC_STRINGS = NO;
				SWIFT_VERSION = 5.0;
				TARGETED_DEVICE_FAMILY = "1,2";
				TEST_HOST = "$(BUILT_PRODUCTS_DIR)/Protocol-Oriented-Programming.app/$(BUNDLE_EXECUTABLE_FOLDER_PATH)/Protocol-Oriented-Programming";
			};
			name = Debug;
		};
		0FC576A8296306B800B6E0A9 /* Release */ = {
			isa = XCBuildConfiguration;
			buildSettings = {
				BUNDLE_LOADER = "$(TEST_HOST)";
				CODE_SIGN_STYLE = Automatic;
				CURRENT_PROJECT_VERSION = 1;
				DEVELOPMENT_TEAM = HXRS3CF57N;
				GENERATE_INFOPLIST_FILE = YES;
				MARKETING_VERSION = 1.0;
				PRODUCT_BUNDLE_IDENTIFIER = "br.com.practicing.Protocol-Oriented-ProgrammingTests";
				PRODUCT_NAME = "$(TARGET_NAME)";
				SWIFT_EMIT_LOC_STRINGS = NO;
				SWIFT_VERSION = 5.0;
				TARGETED_DEVICE_FAMILY = "1,2";
				TEST_HOST = "$(BUILT_PRODUCTS_DIR)/Protocol-Oriented-Programming.app/$(BUNDLE_EXECUTABLE_FOLDER_PATH)/Protocol-Oriented-Programming";
			};
			name = Release;
		};
/* End XCBuildConfiguration section */

/* Begin XCConfigurationList section */
		0FC576762962265300B6E0A9 /* Build configuration list for PBXProject "Protocol-Oriented-Programming" */ = {
			isa = XCConfigurationList;
			buildConfigurations = (
				0FC5768D2962265500B6E0A9 /* Debug */,
				0FC5768E2962265500B6E0A9 /* Release */,
			);
			defaultConfigurationIsVisible = 0;
			defaultConfigurationName = Release;
		};
		0FC5768F2962265500B6E0A9 /* Build configuration list for PBXNativeTarget "Protocol-Oriented-Programming" */ = {
			isa = XCConfigurationList;
			buildConfigurations = (
				0FC576902962265500B6E0A9 /* Debug */,
				0FC576912962265500B6E0A9 /* Release */,
			);
			defaultConfigurationIsVisible = 0;
			defaultConfigurationName = Release;
		};
		0FC576A6296306B800B6E0A9 /* Build configuration list for PBXNativeTarget "Protocol-Oriented-ProgrammingTests" */ = {
			isa = XCConfigurationList;
			buildConfigurations = (
				0FC576A7296306B800B6E0A9 /* Debug */,
				0FC576A8296306B800B6E0A9 /* Release */,
			);
			defaultConfigurationIsVisible = 0;
			defaultConfigurationName = Release;
		};
/* End XCConfigurationList section */
	};
	rootObject = 0FC576732962265300B6E0A9 /* Project object */;
}
